// !$*UTF8*$!
{
	archiveVersion = 1;
	classes = {
	};
	objectVersion = 46;
	objects = {

/* Begin PBXBuildFile section */
		AF61D3B01C458758006BB4B2 /* AppDelegate.swift in Sources */ = {isa = PBXBuildFile; fileRef = AF61D3AF1C458758006BB4B2 /* AppDelegate.swift */; };
		AF61D3B21C458758006BB4B2 /* ViewController.swift in Sources */ = {isa = PBXBuildFile; fileRef = AF61D3B11C458758006BB4B2 /* ViewController.swift */; };
		AF61D3B51C458758006BB4B2 /* Main.storyboard in Resources */ = {isa = PBXBuildFile; fileRef = AF61D3B31C458758006BB4B2 /* Main.storyboard */; };
		AF61D3B71C458758006BB4B2 /* Assets.xcassets in Resources */ = {isa = PBXBuildFile; fileRef = AF61D3B61C458758006BB4B2 /* Assets.xcassets */; };
		AF61D3BA1C458758006BB4B2 /* LaunchScreen.storyboard in Resources */ = {isa = PBXBuildFile; fileRef = AF61D3B81C458758006BB4B2 /* LaunchScreen.storyboard */; };
		AF61D3C51C458758006BB4B2 /* lecture69_exercise_your_own_favorite_placeTests.swift in Sources */ = {isa = PBXBuildFile; fileRef = AF61D3C41C458758006BB4B2 /* lecture69_exercise_your_own_favorite_placeTests.swift */; };
		AF61D3D01C458758006BB4B2 /* lecture69_exercise_your_own_favorite_placeUITests.swift in Sources */ = {isa = PBXBuildFile; fileRef = AF61D3CF1C458758006BB4B2 /* lecture69_exercise_your_own_favorite_placeUITests.swift */; };
/* End PBXBuildFile section */

/* Begin PBXContainerItemProxy section */
		AF61D3C11C458758006BB4B2 /* PBXContainerItemProxy */ = {
			isa = PBXContainerItemProxy;
			containerPortal = AF61D3A41C458758006BB4B2 /* Project object */;
			proxyType = 1;
			remoteGlobalIDString = AF61D3AB1C458758006BB4B2;
			remoteInfo = "lecture69-exercise-your-own-favorite-place";
		};
		AF61D3CC1C458758006BB4B2 /* PBXContainerItemProxy */ = {
			isa = PBXContainerItemProxy;
			containerPortal = AF61D3A41C458758006BB4B2 /* Project object */;
			proxyType = 1;
			remoteGlobalIDString = AF61D3AB1C458758006BB4B2;
			remoteInfo = "lecture69-exercise-your-own-favorite-place";
		};
/* End PBXContainerItemProxy section */

/* Begin PBXFileReference section */
		AF61D3AC1C458758006BB4B2 /* lecture69-exercise-your-own-favorite-place.app */ = {isa = PBXFileReference; explicitFileType = wrapper.application; includeInIndex = 0; path = "lecture69-exercise-your-own-favorite-place.app"; sourceTree = BUILT_PRODUCTS_DIR; };
		AF61D3AF1C458758006BB4B2 /* AppDelegate.swift */ = {isa = PBXFileReference; lastKnownFileType = sourcecode.swift; path = AppDelegate.swift; sourceTree = "<group>"; };
		AF61D3B11C458758006BB4B2 /* ViewController.swift */ = {isa = PBXFileReference; lastKnownFileType = sourcecode.swift; path = ViewController.swift; sourceTree = "<group>"; };
		AF61D3B41C458758006BB4B2 /* Base */ = {isa = PBXFileReference; lastKnownFileType = file.storyboard; name = Base; path = Base.lproj/Main.storyboard; sourceTree = "<group>"; };
		AF61D3B61C458758006BB4B2 /* Assets.xcassets */ = {isa = PBXFileReference; lastKnownFileType = folder.assetcatalog; path = Assets.xcassets; sourceTree = "<group>"; };
		AF61D3B91C458758006BB4B2 /* Base */ = {isa = PBXFileReference; lastKnownFileType = file.storyboard; name = Base; path = Base.lproj/LaunchScreen.storyboard; sourceTree = "<group>"; };
		AF61D3BB1C458758006BB4B2 /* Info.plist */ = {isa = PBXFileReference; lastKnownFileType = text.plist.xml; path = Info.plist; sourceTree = "<group>"; };
		AF61D3C01C458758006BB4B2 /* lecture69-exercise-your-own-favorite-placeTests.xctest */ = {isa = PBXFileReference; explicitFileType = wrapper.cfbundle; includeInIndex = 0; path = "lecture69-exercise-your-own-favorite-placeTests.xctest"; sourceTree = BUILT_PRODUCTS_DIR; };
		AF61D3C41C458758006BB4B2 /* lecture69_exercise_your_own_favorite_placeTests.swift */ = {isa = PBXFileReference; lastKnownFileType = sourcecode.swift; path = lecture69_exercise_your_own_favorite_placeTests.swift; sourceTree = "<group>"; };
		AF61D3C61C458758006BB4B2 /* Info.plist */ = {isa = PBXFileReference; lastKnownFileType = text.plist.xml; path = Info.plist; sourceTree = "<group>"; };
		AF61D3CB1C458758006BB4B2 /* lecture69-exercise-your-own-favorite-placeUITests.xctest */ = {isa = PBXFileReference; explicitFileType = wrapper.cfbundle; includeInIndex = 0; path = "lecture69-exercise-your-own-favorite-placeUITests.xctest"; sourceTree = BUILT_PRODUCTS_DIR; };
		AF61D3CF1C458758006BB4B2 /* lecture69_exercise_your_own_favorite_placeUITests.swift */ = {isa = PBXFileReference; lastKnownFileType = sourcecode.swift; path = lecture69_exercise_your_own_favorite_placeUITests.swift; sourceTree = "<group>"; };
		AF61D3D11C458758006BB4B2 /* Info.plist */ = {isa = PBXFileReference; lastKnownFileType = text.plist.xml; path = Info.plist; sourceTree = "<group>"; };
/* End PBXFileReference section */

/* Begin PBXFrameworksBuildPhase section */
		AF61D3A91C458758006BB4B2 /* Frameworks */ = {
			isa = PBXFrameworksBuildPhase;
			buildActionMask = 2147483647;
			files = (
			);
			runOnlyForDeploymentPostprocessing = 0;
		};
		AF61D3BD1C458758006BB4B2 /* Frameworks */ = {
			isa = PBXFrameworksBuildPhase;
			buildActionMask = 2147483647;
			files = (
			);
			runOnlyForDeploymentPostprocessing = 0;
		};
		AF61D3C81C458758006BB4B2 /* Frameworks */ = {
			isa = PBXFrameworksBuildPhase;
			buildActionMask = 2147483647;
			files = (
			);
			runOnlyForDeploymentPostprocessing = 0;
		};
/* End PBXFrameworksBuildPhase section */

/* Begin PBXGroup section */
		AF61D3A31C458758006BB4B2 = {
			isa = PBXGroup;
			children = (
				AF61D3AE1C458758006BB4B2 /* lecture69-exercise-your-own-favorite-place */,
				AF61D3C31C458758006BB4B2 /* lecture69-exercise-your-own-favorite-placeTests */,
				AF61D3CE1C458758006BB4B2 /* lecture69-exercise-your-own-favorite-placeUITests */,
				AF61D3AD1C458758006BB4B2 /* Products */,
			);
			sourceTree = "<group>";
		};
		AF61D3AD1C458758006BB4B2 /* Products */ = {
			isa = PBXGroup;
			children = (
				AF61D3AC1C458758006BB4B2 /* lecture69-exercise-your-own-favorite-place.app */,
				AF61D3C01C458758006BB4B2 /* lecture69-exercise-your-own-favorite-placeTests.xctest */,
				AF61D3CB1C458758006BB4B2 /* lecture69-exercise-your-own-favorite-placeUITests.xctest */,
			);
			name = Products;
			sourceTree = "<group>";
		};
		AF61D3AE1C458758006BB4B2 /* lecture69-exercise-your-own-favorite-place */ = {
			isa = PBXGroup;
			children = (
				AF61D3AF1C458758006BB4B2 /* AppDelegate.swift */,
				AF61D3B11C458758006BB4B2 /* ViewController.swift */,
				AF61D3B31C458758006BB4B2 /* Main.storyboard */,
				AF61D3B61C458758006BB4B2 /* Assets.xcassets */,
				AF61D3B81C458758006BB4B2 /* LaunchScreen.storyboard */,
				AF61D3BB1C458758006BB4B2 /* Info.plist */,
			);
			path = "lecture69-exercise-your-own-favorite-place";
			sourceTree = "<group>";
		};
		AF61D3C31C458758006BB4B2 /* lecture69-exercise-your-own-favorite-placeTests */ = {
			isa = PBXGroup;
			children = (
				AF61D3C41C458758006BB4B2 /* lecture69_exercise_your_own_favorite_placeTests.swift */,
				AF61D3C61C458758006BB4B2 /* Info.plist */,
			);
			path = "lecture69-exercise-your-own-favorite-placeTests";
			sourceTree = "<group>";
		};
		AF61D3CE1C458758006BB4B2 /* lecture69-exercise-your-own-favorite-placeUITests */ = {
			isa = PBXGroup;
			children = (
				AF61D3CF1C458758006BB4B2 /* lecture69_exercise_your_own_favorite_placeUITests.swift */,
				AF61D3D11C458758006BB4B2 /* Info.plist */,
			);
			path = "lecture69-exercise-your-own-favorite-placeUITests";
			sourceTree = "<group>";
		};
/* End PBXGroup section */

/* Begin PBXNativeTarget section */
		AF61D3AB1C458758006BB4B2 /* lecture69-exercise-your-own-favorite-place */ = {
			isa = PBXNativeTarget;
			buildConfigurationList = AF61D3D41C458758006BB4B2 /* Build configuration list for PBXNativeTarget "lecture69-exercise-your-own-favorite-place" */;
			buildPhases = (
				AF61D3A81C458758006BB4B2 /* Sources */,
				AF61D3A91C458758006BB4B2 /* Frameworks */,
				AF61D3AA1C458758006BB4B2 /* Resources */,
			);
			buildRules = (
			);
			dependencies = (
			);
			name = "lecture69-exercise-your-own-favorite-place";
			productName = "lecture69-exercise-your-own-favorite-place";
			productReference = AF61D3AC1C458758006BB4B2 /* lecture69-exercise-your-own-favorite-place.app */;
			productType = "com.apple.product-type.application";
		};
		AF61D3BF1C458758006BB4B2 /* lecture69-exercise-your-own-favorite-placeTests */ = {
			isa = PBXNativeTarget;
			buildConfigurationList = AF61D3D71C458758006BB4B2 /* Build configuration list for PBXNativeTarget "lecture69-exercise-your-own-favorite-placeTests" */;
			buildPhases = (
				AF61D3BC1C458758006BB4B2 /* Sources */,
				AF61D3BD1C458758006BB4B2 /* Frameworks */,
				AF61D3BE1C458758006BB4B2 /* Resources */,
			);
			buildRules = (
			);
			dependencies = (
				AF61D3C21C458758006BB4B2 /* PBXTargetDependency */,
			);
			name = "lecture69-exercise-your-own-favorite-placeTests";
			productName = "lecture69-exercise-your-own-favorite-placeTests";
			productReference = AF61D3C01C458758006BB4B2 /* lecture69-exercise-your-own-favorite-placeTests.xctest */;
			productType = "com.apple.product-type.bundle.unit-test";
		};
		AF61D3CA1C458758006BB4B2 /* lecture69-exercise-your-own-favorite-placeUITests */ = {
			isa = PBXNativeTarget;
			buildConfigurationList = AF61D3DA1C458758006BB4B2 /* Build configuration list for PBXNativeTarget "lecture69-exercise-your-own-favorite-placeUITests" */;
			buildPhases = (
				AF61D3C71C458758006BB4B2 /* Sources */,
				AF61D3C81C458758006BB4B2 /* Frameworks */,
				AF61D3C91C458758006BB4B2 /* Resources */,
			);
			buildRules = (
			);
			dependencies = (
				AF61D3CD1C458758006BB4B2 /* PBXTargetDependency */,
			);
			name = "lecture69-exercise-your-own-favorite-placeUITests";
			productName = "lecture69-exercise-your-own-favorite-placeUITests";
			productReference = AF61D3CB1C458758006BB4B2 /* lecture69-exercise-your-own-favorite-placeUITests.xctest */;
			productType = "com.apple.product-type.bundle.ui-testing";
		};
/* End PBXNativeTarget section */

/* Begin PBXProject section */
		AF61D3A41C458758006BB4B2 /* Project object */ = {
			isa = PBXProject;
			attributes = {
				LastSwiftUpdateCheck = 0720;
				LastUpgradeCheck = 0720;
				ORGANIZATIONNAME = "Ryan Huebert";
				TargetAttributes = {
					AF61D3AB1C458758006BB4B2 = {
						CreatedOnToolsVersion = 7.2;
					};
					AF61D3BF1C458758006BB4B2 = {
						CreatedOnToolsVersion = 7.2;
						TestTargetID = AF61D3AB1C458758006BB4B2;
					};
					AF61D3CA1C458758006BB4B2 = {
						CreatedOnToolsVersion = 7.2;
						TestTargetID = AF61D3AB1C458758006BB4B2;
					};
				};
			};
			buildConfigurationList = AF61D3A71C458758006BB4B2 /* Build configuration list for PBXProject "lecture69-exercise-your-own-favorite-place" */;
			compatibilityVersion = "Xcode 3.2";
			developmentRegion = English;
			hasScannedForEncodings = 0;
			knownRegions = (
				en,
				Base,
			);
			mainGroup = AF61D3A31C458758006BB4B2;
			productRefGroup = AF61D3AD1C458758006BB4B2 /* Products */;
			projectDirPath = "";
			projectRoot = "";
			targets = (
				AF61D3AB1C458758006BB4B2 /* lecture69-exercise-your-own-favorite-place */,
				AF61D3BF1C458758006BB4B2 /* lecture69-exercise-your-own-favorite-placeTests */,
				AF61D3CA1C458758006BB4B2 /* lecture69-exercise-your-own-favorite-placeUITests */,
			);
		};
/* End PBXProject section */

/* Begin PBXResourcesBuildPhase section */
		AF61D3AA1C458758006BB4B2 /* Resources */ = {
			isa = PBXResourcesBuildPhase;
			buildActionMask = 2147483647;
			files = (
				AF61D3BA1C458758006BB4B2 /* LaunchScreen.storyboard in Resources */,
				AF61D3B71C458758006BB4B2 /* Assets.xcassets in Resources */,
				AF61D3B51C458758006BB4B2 /* Main.storyboard in Resources */,
			);
			runOnlyForDeploymentPostprocessing = 0;
		};
		AF61D3BE1C458758006BB4B2 /* Resources */ = {
			isa = PBXResourcesBuildPhase;
			buildActionMask = 2147483647;
			files = (
			);
			runOnlyForDeploymentPostprocessing = 0;
		};
		AF61D3C91C458758006BB4B2 /* Resources */ = {
			isa = PBXResourcesBuildPhase;
			buildActionMask = 2147483647;
			files = (
			);
			runOnlyForDeploymentPostprocessing = 0;
		};
/* End PBXResourcesBuildPhase section */

/* Begin PBXSourcesBuildPhase section */
		AF61D3A81C458758006BB4B2 /* Sources */ = {
			isa = PBXSourcesBuildPhase;
			buildActionMask = 2147483647;
			files = (
				AF61D3B21C458758006BB4B2 /* ViewController.swift in Sources */,
				AF61D3B01C458758006BB4B2 /* AppDelegate.swift in Sources */,
			);
			runOnlyForDeploymentPostprocessing = 0;
		};
		AF61D3BC1C458758006BB4B2 /* Sources */ = {
			isa = PBXSourcesBuildPhase;
			buildActionMask = 2147483647;
			files = (
				AF61D3C51C458758006BB4B2 /* lecture69_exercise_your_own_favorite_placeTests.swift in Sources */,
			);
			runOnlyForDeploymentPostprocessing = 0;
		};
		AF61D3C71C458758006BB4B2 /* Sources */ = {
			isa = PBXSourcesBuildPhase;
			buildActionMask = 2147483647;
			files = (
				AF61D3D01C458758006BB4B2 /* lecture69_exercise_your_own_favorite_placeUITests.swift in Sources */,
			);
			runOnlyForDeploymentPostprocessing = 0;
		};
/* End PBXSourcesBuildPhase section */

/* Begin PBXTargetDependency section */
		AF61D3C21C458758006BB4B2 /* PBXTargetDependency */ = {
			isa = PBXTargetDependency;
			target = AF61D3AB1C458758006BB4B2 /* lecture69-exercise-your-own-favorite-place */;
			targetProxy = AF61D3C11C458758006BB4B2 /* PBXContainerItemProxy */;
		};
		AF61D3CD1C458758006BB4B2 /* PBXTargetDependency */ = {
			isa = PBXTargetDependency;
			target = AF61D3AB1C458758006BB4B2 /* lecture69-exercise-your-own-favorite-place */;
			targetProxy = AF61D3CC1C458758006BB4B2 /* PBXContainerItemProxy */;
		};
/* End PBXTargetDependency section */

/* Begin PBXVariantGroup section */
		AF61D3B31C458758006BB4B2 /* Main.storyboard */ = {
			isa = PBXVariantGroup;
			children = (
				AF61D3B41C458758006BB4B2 /* Base */,
			);
			name = Main.storyboard;
			sourceTree = "<group>";
		};
		AF61D3B81C458758006BB4B2 /* LaunchScreen.storyboard */ = {
			isa = PBXVariantGroup;
			children = (
				AF61D3B91C458758006BB4B2 /* Base */,
			);
			name = LaunchScreen.storyboard;
			sourceTree = "<group>";
		};
/* End PBXVariantGroup section */

/* Begin XCBuildConfiguration section */
		AF61D3D21C458758006BB4B2 /* Debug */ = {
			isa = XCBuildConfiguration;
			buildSettings = {
				ALWAYS_SEARCH_USER_PATHS = NO;
				CLANG_CXX_LANGUAGE_STANDARD = "gnu++0x";
				CLANG_CXX_LIBRARY = "libc++";
				CLANG_ENABLE_MODULES = YES;
				CLANG_ENABLE_OBJC_ARC = YES;
				CLANG_WARN_BOOL_CONVERSION = YES;
				CLANG_WARN_CONSTANT_CONVERSION = YES;
				CLANG_WARN_DIRECT_OBJC_ISA_USAGE = YES_ERROR;
				CLANG_WARN_EMPTY_BODY = YES;
				CLANG_WARN_ENUM_CONVERSION = YES;
				CLANG_WARN_INT_CONVERSION = YES;
				CLANG_WARN_OBJC_ROOT_CLASS = YES_ERROR;
				CLANG_WARN_UNREACHABLE_CODE = YES;
				CLANG_WARN__DUPLICATE_METHOD_MATCH = YES;
				"CODE_SIGN_IDENTITY[sdk=iphoneos*]" = "iPhone Developer";
				COPY_PHASE_STRIP = NO;
				DEBUG_INFORMATION_FORMAT = dwarf;
				ENABLE_STRICT_OBJC_MSGSEND = YES;
				ENABLE_TESTABILITY = YES;
				GCC_C_LANGUAGE_STANDARD = gnu99;
				GCC_DYNAMIC_NO_PIC = NO;
				GCC_NO_COMMON_BLOCKS = YES;
				GCC_OPTIMIZATION_LEVEL = 0;
				GCC_PREPROCESSOR_DEFINITIONS = (
					"DEBUG=1",
					"$(inherited)",
				);
				GCC_WARN_64_TO_32_BIT_CONVERSION = YES;
				GCC_WARN_ABOUT_RETURN_TYPE = YES_ERROR;
				GCC_WARN_UNDECLARED_SELECTOR = YES;
				GCC_WARN_UNINITIALIZED_AUTOS = YES_AGGRESSIVE;
				GCC_WARN_UNUSED_FUNCTION = YES;
				GCC_WARN_UNUSED_VARIABLE = YES;
				IPHONEOS_DEPLOYMENT_TARGET = 9.2;
				MTL_ENABLE_DEBUG_INFO = YES;
				ONLY_ACTIVE_ARCH = YES;
				SDKROOT = iphoneos;
				SWIFT_OPTIMIZATION_LEVEL = "-Onone";
				TARGETED_DEVICE_FAMILY = "1,2";
			};
			name = Debug;
		};
		AF61D3D31C458758006BB4B2 /* Release */ = {
			isa = XCBuildConfiguration;
			buildSettings = {
				ALWAYS_SEARCH_USER_PATHS = NO;
				CLANG_CXX_LANGUAGE_STANDARD = "gnu++0x";
				CLANG_CXX_LIBRARY = "libc++";
				CLANG_ENABLE_MODULES = YES;
				CLANG_ENABLE_OBJC_ARC = YES;
				CLANG_WARN_BOOL_CONVERSION = YES;
				CLANG_WARN_CONSTANT_CONVERSION = YES;
				CLANG_WARN_DIRECT_OBJC_ISA_USAGE = YES_ERROR;
				CLANG_WARN_EMPTY_BODY = YES;
				CLANG_WARN_ENUM_CONVERSION = YES;
				CLANG_WARN_INT_CONVERSION = YES;
				CLANG_WARN_OBJC_ROOT_CLASS = YES_ERROR;
				CLANG_WARN_UNREACHABLE_CODE = YES;
				CLANG_WARN__DUPLICATE_METHOD_MATCH = YES;
				"CODE_SIGN_IDENTITY[sdk=iphoneos*]" = "iPhone Developer";
				COPY_PHASE_STRIP = NO;
				DEBUG_INFORMATION_FORMAT = "dwarf-with-dsym";
				ENABLE_NS_ASSERTIONS = NO;
				ENABLE_STRICT_OBJC_MSGSEND = YES;
				GCC_C_LANGUAGE_STANDARD = gnu99;
				GCC_NO_COMMON_BLOCKS = YES;
				GCC_WARN_64_TO_32_BIT_CONVERSION = YES;
				GCC_WARN_ABOUT_RETURN_TYPE = YES_ERROR;
				GCC_WARN_UNDECLARED_SELECTOR = YES;
				GCC_WARN_UNINITIALIZED_AUTOS = YES_AGGRESSIVE;
				GCC_WARN_UNUSED_FUNCTION = YES;
				GCC_WARN_UNUSED_VARIABLE = YES;
				IPHONEOS_DEPLOYMENT_TARGET = 9.2;
				MTL_ENABLE_DEBUG_INFO = NO;
				SDKROOT = iphoneos;
				TARGETED_DEVICE_FAMILY = "1,2";
				VALIDATE_PRODUCT = YES;
			};
			name = Release;
		};
		AF61D3D51C458758006BB4B2 /* Debug */ = {
			isa = XCBuildConfiguration;
			buildSettings = {
				ASSETCATALOG_COMPILER_APPICON_NAME = AppIcon;
				INFOPLIST_FILE = "lecture69-exercise-your-own-favorite-place/Info.plist";
				LD_RUNPATH_SEARCH_PATHS = "$(inherited) @executable_path/Frameworks";
				PRODUCT_BUNDLE_IDENTIFIER = "com.ryanhuebert.lecture69-exercise-your-own-favorite-place";
				PRODUCT_NAME = "$(TARGET_NAME)";
			};
			name = Debug;
		};
		AF61D3D61C458758006BB4B2 /* Release */ = {
			isa = XCBuildConfiguration;
			buildSettings = {
				ASSETCATALOG_COMPILER_APPICON_NAME = AppIcon;
				INFOPLIST_FILE = "lecture69-exercise-your-own-favorite-place/Info.plist";
				LD_RUNPATH_SEARCH_PATHS = "$(inherited) @executable_path/Frameworks";
				PRODUCT_BUNDLE_IDENTIFIER = "com.ryanhuebert.lecture69-exercise-your-own-favorite-place";
				PRODUCT_NAME = "$(TARGET_NAME)";
			};
			name = Release;
		};
		AF61D3D81C458758006BB4B2 /* Debug */ = {
			isa = XCBuildConfiguration;
			buildSettings = {
				BUNDLE_LOADER = "$(TEST_HOST)";
				INFOPLIST_FILE = "lecture69-exercise-your-own-favorite-placeTests/Info.plist";
				LD_RUNPATH_SEARCH_PATHS = "$(inherited) @executable_path/Frameworks @loader_path/Frameworks";
				PRODUCT_BUNDLE_IDENTIFIER = "com.ryanhuebert.lecture69-exercise-your-own-favorite-placeTests";
				PRODUCT_NAME = "$(TARGET_NAME)";
				TEST_HOST = "$(BUILT_PRODUCTS_DIR)/lecture69-exercise-your-own-favorite-place.app/lecture69-exercise-your-own-favorite-place";
			};
			name = Debug;
		};
		AF61D3D91C458758006BB4B2 /* Release */ = {
			isa = XCBuildConfiguration;
			buildSettings = {
				BUNDLE_LOADER = "$(TEST_HOST)";
				INFOPLIST_FILE = "lecture69-exercise-your-own-favorite-placeTests/Info.plist";
				LD_RUNPATH_SEARCH_PATHS = "$(inherited) @executable_path/Frameworks @loader_path/Frameworks";
				PRODUCT_BUNDLE_IDENTIFIER = "com.ryanhuebert.lecture69-exercise-your-own-favorite-placeTests";
				PRODUCT_NAME = "$(TARGET_NAME)";
				TEST_HOST = "$(BUILT_PRODUCTS_DIR)/lecture69-exercise-your-own-favorite-place.app/lecture69-exercise-your-own-favorite-place";
			};
			name = Release;
		};
		AF61D3DB1C458758006BB4B2 /* Debug */ = {
			isa = XCBuildConfiguration;
			buildSettings = {
				INFOPLIST_FILE = "lecture69-exercise-your-own-favorite-placeUITests/Info.plist";
				LD_RUNPATH_SEARCH_PATHS = "$(inherited) @executable_path/Frameworks @loader_path/Frameworks";
				PRODUCT_BUNDLE_IDENTIFIER = "com.ryanhuebert.lecture69-exercise-your-own-favorite-placeUITests";
				PRODUCT_NAME = "$(TARGET_NAME)";
				TEST_TARGET_NAME = "lecture69-exercise-your-own-favorite-place";
				USES_XCTRUNNER = YES;
			};
			name = Debug;
		};
		AF61D3DC1C458758006BB4B2 /* Release */ = {
			isa = XCBuildConfiguration;
			buildSettings = {
				INFOPLIST_FILE = "lecture69-exercise-your-own-favorite-placeUITests/Info.plist";
				LD_RUNPATH_SEARCH_PATHS = "$(inherited) @executable_path/Frameworks @loader_path/Frameworks";
				PRODUCT_BUNDLE_IDENTIFIER = "com.ryanhuebert.lecture69-exercise-your-own-favorite-placeUITests";
				PRODUCT_NAME = "$(TARGET_NAME)";
				TEST_TARGET_NAME = "lecture69-exercise-your-own-favorite-place";
				USES_XCTRUNNER = YES;
			};
			name = Release;
		};
/* End XCBuildConfiguration section */

/* Begin XCConfigurationList section */
		AF61D3A71C458758006BB4B2 /* Build configuration list for PBXProject "lecture69-exercise-your-own-favorite-place" */ = {
			isa = XCConfigurationList;
			buildConfigurations = (
				AF61D3D21C458758006BB4B2 /* Debug */,
				AF61D3D31C458758006BB4B2 /* Release */,
			);
			defaultConfigurationIsVisible = 0;
			defaultConfigurationName = Release;
		};
		AF61D3D41C458758006BB4B2 /* Build configuration list for PBXNativeTarget "lecture69-exercise-your-own-favorite-place" */ = {
			isa = XCConfigurationList;
			buildConfigurations = (
				AF61D3D51C458758006BB4B2 /* Debug */,
				AF61D3D61C458758006BB4B2 /* Release */,
			);
			defaultConfigurationIsVisible = 0;
		};
		AF61D3D71C458758006BB4B2 /* Build configuration list for PBXNativeTarget "lecture69-exercise-your-own-favorite-placeTests" */ = {
			isa = XCConfigurationList;
			buildConfigurations = (
				AF61D3D81C458758006BB4B2 /* Debug */,
				AF61D3D91C458758006BB4B2 /* Release */,
			);
			defaultConfigurationIsVisible = 0;
		};
		AF61D3DA1C458758006BB4B2 /* Build configuration list for PBXNativeTarget "lecture69-exercise-your-own-favorite-placeUITests" */ = {
			isa = XCConfigurationList;
			buildConfigurations = (
				AF61D3DB1C458758006BB4B2 /* Debug */,
				AF61D3DC1C458758006BB4B2 /* Release */,
			);
			defaultConfigurationIsVisible = 0;
		};
/* End XCConfigurationList section */
	};
	rootObject = AF61D3A41C458758006BB4B2 /* Project object */;
}
